
Microsoft Visual Studio Solution File, Format Version 12.00
# Visual Studio Version 16
VisualStudioVersion = 16.0.31424.327
MinimumVisualStudioVersion = 10.0.40219.1
Project("{D2ABAB84-BF74-430A-B69E-9DC6D40DDA17}") = "DataAnalisysSSAS", "DataAnalisysSSAS\DataAnalisysSSAS.dwproj", "{75C514D6-6DDF-45F3-B6A5-404AD0AA49F2}"
EndProject
Global
	GlobalSection(SolutionConfigurationPlatforms) = preSolution
		Development|Default = Development|Default
	EndGlobalSection
	GlobalSection(ProjectConfigurationPlatforms) = postSolution
		{75C514D6-6DDF-45F3-B6A5-404AD0AA49F2}.Development|Default.ActiveCfg = Development
		{75C514D6-6DDF-45F3-B6A5-404AD0AA49F2}.Development|Default.Build.0 = Development
		{75C514D6-6DDF-45F3-B6A5-404AD0AA49F2}.Development|Default.Deploy.0 = Development
	EndGlobalSection
	GlobalSection(SolutionProperties) = preSolution
		HideSolutionNode = FALSE
	EndGlobalSection
	GlobalSection(ExtensibilityGlobals) = postSolution
		SolutionGuid = {9710AB30-525F-4869-8152-8054F0D06B2C}
	EndGlobalSection
EndGlobal
