
Microsoft Visual Studio Solution File, Format Version 12.00
# Visual Studio Version 16
VisualStudioVersion = 16.0.31424.327
MinimumVisualStudioVersion = 10.0.40219.1
Project("{F14B399A-7131-4C87-9E4B-1186C45EF12D}") = "ReportSSRS", "ReportSSRS\ReportSSRS.rptproj", "{9A7D7D81-ADEC-49E4-AFAE-6207AE7C606E}"
EndProject
Global
	GlobalSection(SolutionConfigurationPlatforms) = preSolution
		Debug|Default = Debug|Default
		DebugLocal|Default = DebugLocal|Default
		Release|Default = Release|Default
	EndGlobalSection
	GlobalSection(ProjectConfigurationPlatforms) = postSolution
		{9A7D7D81-ADEC-49E4-AFAE-6207AE7C606E}.Debug|Default.ActiveCfg = Debug
		{9A7D7D81-ADEC-49E4-AFAE-6207AE7C606E}.Debug|Default.Build.0 = Debug
		{9A7D7D81-ADEC-49E4-AFAE-6207AE7C606E}.Debug|Default.Deploy.0 = Debug
		{9A7D7D81-ADEC-49E4-AFAE-6207AE7C606E}.DebugLocal|Default.ActiveCfg = DebugLocal
		{9A7D7D81-ADEC-49E4-AFAE-6207AE7C606E}.DebugLocal|Default.Build.0 = DebugLocal
		{9A7D7D81-ADEC-49E4-AFAE-6207AE7C606E}.Release|Default.ActiveCfg = Release
		{9A7D7D81-ADEC-49E4-AFAE-6207AE7C606E}.Release|Default.Build.0 = Release
		{9A7D7D81-ADEC-49E4-AFAE-6207AE7C606E}.Release|Default.Deploy.0 = Release
	EndGlobalSection
	GlobalSection(SolutionProperties) = preSolution
		HideSolutionNode = FALSE
	EndGlobalSection
	GlobalSection(ExtensibilityGlobals) = postSolution
		SolutionGuid = {3ED16417-0084-4F0C-81BC-8407DABA3B09}
	EndGlobalSection
EndGlobal
